// !$*UTF8*$!
{
	archiveVersion = 1;
	classes = {
	};
	objectVersion = 55;
	objects = {

/* Begin PBXBuildFile section */
		7674070F278C1D72002C2D82 /* AppDelegate.swift in Sources */ = {isa = PBXBuildFile; fileRef = 7674070E278C1D72002C2D82 /* AppDelegate.swift */; };
		76740711278C1D72002C2D82 /* SceneDelegate.swift in Sources */ = {isa = PBXBuildFile; fileRef = 76740710278C1D72002C2D82 /* SceneDelegate.swift */; };
		76740713278C1D72002C2D82 /* ViewController.swift in Sources */ = {isa = PBXBuildFile; fileRef = 76740712278C1D72002C2D82 /* ViewController.swift */; };
		76740716278C1D72002C2D82 /* Main.storyboard in Resources */ = {isa = PBXBuildFile; fileRef = 76740714278C1D72002C2D82 /* Main.storyboard */; };
		76740718278C1D74002C2D82 /* Assets.xcassets in Resources */ = {isa = PBXBuildFile; fileRef = 76740717278C1D74002C2D82 /* Assets.xcassets */; };
		7674071B278C1D74002C2D82 /* LaunchScreen.storyboard in Resources */ = {isa = PBXBuildFile; fileRef = 76740719278C1D74002C2D82 /* LaunchScreen.storyboard */; };
		76740726278C1D74002C2D82 /* CallenderViewTests.swift in Sources */ = {isa = PBXBuildFile; fileRef = 76740725278C1D74002C2D82 /* CallenderViewTests.swift */; };
		76740730278C1D74002C2D82 /* CallenderViewUITests.swift in Sources */ = {isa = PBXBuildFile; fileRef = 7674072F278C1D74002C2D82 /* CallenderViewUITests.swift */; };
		76740732278C1D75002C2D82 /* CallenderViewUITestsLaunchTests.swift in Sources */ = {isa = PBXBuildFile; fileRef = 76740731278C1D75002C2D82 /* CallenderViewUITestsLaunchTests.swift */; };
		76740740278C1E47002C2D82 /* CalendarView.swift in Sources */ = {isa = PBXBuildFile; fileRef = 7674073E278C1E46002C2D82 /* CalendarView.swift */; };
		76740741278C1E47002C2D82 /* DateView.swift in Sources */ = {isa = PBXBuildFile; fileRef = 7674073F278C1E47002C2D82 /* DateView.swift */; };
		76740743278C1FD9002C2D82 /* UIViewExtension.swift in Sources */ = {isa = PBXBuildFile; fileRef = 76740742278C1FD9002C2D82 /* UIViewExtension.swift */; };
/* End PBXBuildFile section */

/* Begin PBXContainerItemProxy section */
		76740722278C1D74002C2D82 /* PBXContainerItemProxy */ = {
			isa = PBXContainerItemProxy;
			containerPortal = 76740703278C1D72002C2D82 /* Project object */;
			proxyType = 1;
			remoteGlobalIDString = 7674070A278C1D72002C2D82;
			remoteInfo = CallenderView;
		};
		7674072C278C1D74002C2D82 /* PBXContainerItemProxy */ = {
			isa = PBXContainerItemProxy;
			containerPortal = 76740703278C1D72002C2D82 /* Project object */;
			proxyType = 1;
			remoteGlobalIDString = 7674070A278C1D72002C2D82;
			remoteInfo = CallenderView;
		};
/* End PBXContainerItemProxy section */

/* Begin PBXFileReference section */
		7674070B278C1D72002C2D82 /* CallenderView.app */ = {isa = PBXFileReference; explicitFileType = wrapper.application; includeInIndex = 0; path = CallenderView.app; sourceTree = BUILT_PRODUCTS_DIR; };
		7674070E278C1D72002C2D82 /* AppDelegate.swift */ = {isa = PBXFileReference; lastKnownFileType = sourcecode.swift; path = AppDelegate.swift; sourceTree = "<group>"; };
		76740710278C1D72002C2D82 /* SceneDelegate.swift */ = {isa = PBXFileReference; lastKnownFileType = sourcecode.swift; path = SceneDelegate.swift; sourceTree = "<group>"; };
		76740712278C1D72002C2D82 /* ViewController.swift */ = {isa = PBXFileReference; lastKnownFileType = sourcecode.swift; path = ViewController.swift; sourceTree = "<group>"; };
		76740715278C1D72002C2D82 /* Base */ = {isa = PBXFileReference; lastKnownFileType = file.storyboard; name = Base; path = Base.lproj/Main.storyboard; sourceTree = "<group>"; };
		76740717278C1D74002C2D82 /* Assets.xcassets */ = {isa = PBXFileReference; lastKnownFileType = folder.assetcatalog; path = Assets.xcassets; sourceTree = "<group>"; };
		7674071A278C1D74002C2D82 /* Base */ = {isa = PBXFileReference; lastKnownFileType = file.storyboard; name = Base; path = Base.lproj/LaunchScreen.storyboard; sourceTree = "<group>"; };
		7674071C278C1D74002C2D82 /* Info.plist */ = {isa = PBXFileReference; lastKnownFileType = text.plist.xml; path = Info.plist; sourceTree = "<group>"; };
		76740721278C1D74002C2D82 /* CallenderViewTests.xctest */ = {isa = PBXFileReference; explicitFileType = wrapper.cfbundle; includeInIndex = 0; path = CallenderViewTests.xctest; sourceTree = BUILT_PRODUCTS_DIR; };
		76740725278C1D74002C2D82 /* CallenderViewTests.swift */ = {isa = PBXFileReference; lastKnownFileType = sourcecode.swift; path = CallenderViewTests.swift; sourceTree = "<group>"; };
		7674072B278C1D74002C2D82 /* CallenderViewUITests.xctest */ = {isa = PBXFileReference; explicitFileType = wrapper.cfbundle; includeInIndex = 0; path = CallenderViewUITests.xctest; sourceTree = BUILT_PRODUCTS_DIR; };
		7674072F278C1D74002C2D82 /* CallenderViewUITests.swift */ = {isa = PBXFileReference; lastKnownFileType = sourcecode.swift; path = CallenderViewUITests.swift; sourceTree = "<group>"; };
		76740731278C1D75002C2D82 /* CallenderViewUITestsLaunchTests.swift */ = {isa = PBXFileReference; lastKnownFileType = sourcecode.swift; path = CallenderViewUITestsLaunchTests.swift; sourceTree = "<group>"; };
		7674073E278C1E46002C2D82 /* CalendarView.swift */ = {isa = PBXFileReference; fileEncoding = 4; lastKnownFileType = sourcecode.swift; path = CalendarView.swift; sourceTree = "<group>"; };
		7674073F278C1E47002C2D82 /* DateView.swift */ = {isa = PBXFileReference; fileEncoding = 4; lastKnownFileType = sourcecode.swift; path = DateView.swift; sourceTree = "<group>"; };
		76740742278C1FD9002C2D82 /* UIViewExtension.swift */ = {isa = PBXFileReference; lastKnownFileType = sourcecode.swift; path = UIViewExtension.swift; sourceTree = "<group>"; };
/* End PBXFileReference section */

/* Begin PBXFrameworksBuildPhase section */
		76740708278C1D72002C2D82 /* Frameworks */ = {
			isa = PBXFrameworksBuildPhase;
			buildActionMask = 2147483647;
			files = (
			);
			runOnlyForDeploymentPostprocessing = 0;
		};
		7674071E278C1D74002C2D82 /* Frameworks */ = {
			isa = PBXFrameworksBuildPhase;
			buildActionMask = 2147483647;
			files = (
			);
			runOnlyForDeploymentPostprocessing = 0;
		};
		76740728278C1D74002C2D82 /* Frameworks */ = {
			isa = PBXFrameworksBuildPhase;
			buildActionMask = 2147483647;
			files = (
			);
			runOnlyForDeploymentPostprocessing = 0;
		};
/* End PBXFrameworksBuildPhase section */

/* Begin PBXGroup section */
		76740702278C1D72002C2D82 = {
			isa = PBXGroup;
			children = (
				7674070D278C1D72002C2D82 /* CallenderView */,
				76740724278C1D74002C2D82 /* CallenderViewTests */,
				7674072E278C1D74002C2D82 /* CallenderViewUITests */,
				7674070C278C1D72002C2D82 /* Products */,
			);
			sourceTree = "<group>";
		};
		7674070C278C1D72002C2D82 /* Products */ = {
			isa = PBXGroup;
			children = (
				7674070B278C1D72002C2D82 /* CallenderView.app */,
				76740721278C1D74002C2D82 /* CallenderViewTests.xctest */,
				7674072B278C1D74002C2D82 /* CallenderViewUITests.xctest */,
			);
			name = Products;
			sourceTree = "<group>";
		};
		7674070D278C1D72002C2D82 /* CallenderView */ = {
			isa = PBXGroup;
			children = (
				7674073E278C1E46002C2D82 /* CalendarView.swift */,
				7674073F278C1E47002C2D82 /* DateView.swift */,
				76740742278C1FD9002C2D82 /* UIViewExtension.swift */,
				7674070E278C1D72002C2D82 /* AppDelegate.swift */,
				76740710278C1D72002C2D82 /* SceneDelegate.swift */,
				76740712278C1D72002C2D82 /* ViewController.swift */,
				76740714278C1D72002C2D82 /* Main.storyboard */,
				76740717278C1D74002C2D82 /* Assets.xcassets */,
				76740719278C1D74002C2D82 /* LaunchScreen.storyboard */,
				7674071C278C1D74002C2D82 /* Info.plist */,
			);
			path = CallenderView;
			sourceTree = "<group>";
		};
		76740724278C1D74002C2D82 /* CallenderViewTests */ = {
			isa = PBXGroup;
			children = (
				76740725278C1D74002C2D82 /* CallenderViewTests.swift */,
			);
			path = CallenderViewTests;
			sourceTree = "<group>";
		};
		7674072E278C1D74002C2D82 /* CallenderViewUITests */ = {
			isa = PBXGroup;
			children = (
				7674072F278C1D74002C2D82 /* CallenderViewUITests.swift */,
				76740731278C1D75002C2D82 /* CallenderViewUITestsLaunchTests.swift */,
			);
			path = CallenderViewUITests;
			sourceTree = "<group>";
		};
/* End PBXGroup section */

/* Begin PBXNativeTarget section */
		7674070A278C1D72002C2D82 /* CallenderView */ = {
			isa = PBXNativeTarget;
			buildConfigurationList = 76740735278C1D75002C2D82 /* Build configuration list for PBXNativeTarget "CallenderView" */;
			buildPhases = (
				76740707278C1D72002C2D82 /* Sources */,
				76740708278C1D72002C2D82 /* Frameworks */,
				76740709278C1D72002C2D82 /* Resources */,
			);
			buildRules = (
			);
			dependencies = (
			);
			name = CallenderView;
			productName = CallenderView;
			productReference = 7674070B278C1D72002C2D82 /* CallenderView.app */;
			productType = "com.apple.product-type.application";
		};
		76740720278C1D74002C2D82 /* CallenderViewTests */ = {
			isa = PBXNativeTarget;
			buildConfigurationList = 76740738278C1D75002C2D82 /* Build configuration list for PBXNativeTarget "CallenderViewTests" */;
			buildPhases = (
				7674071D278C1D74002C2D82 /* Sources */,
				7674071E278C1D74002C2D82 /* Frameworks */,
				7674071F278C1D74002C2D82 /* Resources */,
			);
			buildRules = (
			);
			dependencies = (
				76740723278C1D74002C2D82 /* PBXTargetDependency */,
			);
			name = CallenderViewTests;
			productName = CallenderViewTests;
			productReference = 76740721278C1D74002C2D82 /* CallenderViewTests.xctest */;
			productType = "com.apple.product-type.bundle.unit-test";
		};
		7674072A278C1D74002C2D82 /* CallenderViewUITests */ = {
			isa = PBXNativeTarget;
			buildConfigurationList = 7674073B278C1D75002C2D82 /* Build configuration list for PBXNativeTarget "CallenderViewUITests" */;
			buildPhases = (
				76740727278C1D74002C2D82 /* Sources */,
				76740728278C1D74002C2D82 /* Frameworks */,
				76740729278C1D74002C2D82 /* Resources */,
			);
			buildRules = (
			);
			dependencies = (
				7674072D278C1D74002C2D82 /* PBXTargetDependency */,
			);
			name = CallenderViewUITests;
			productName = CallenderViewUITests;
			productReference = 7674072B278C1D74002C2D82 /* CallenderViewUITests.xctest */;
			productType = "com.apple.product-type.bundle.ui-testing";
		};
/* End PBXNativeTarget section */

/* Begin PBXProject section */
		76740703278C1D72002C2D82 /* Project object */ = {
			isa = PBXProject;
			attributes = {
				BuildIndependentTargetsInParallel = 1;
				LastSwiftUpdateCheck = 1320;
				LastUpgradeCheck = 1320;
				TargetAttributes = {
					7674070A278C1D72002C2D82 = {
						CreatedOnToolsVersion = 13.2.1;
					};
					76740720278C1D74002C2D82 = {
						CreatedOnToolsVersion = 13.2.1;
						TestTargetID = 7674070A278C1D72002C2D82;
					};
					7674072A278C1D74002C2D82 = {
						CreatedOnToolsVersion = 13.2.1;
						TestTargetID = 7674070A278C1D72002C2D82;
					};
				};
			};
			buildConfigurationList = 76740706278C1D72002C2D82 /* Build configuration list for PBXProject "CallenderView" */;
			compatibilityVersion = "Xcode 13.0";
			developmentRegion = en;
			hasScannedForEncodings = 0;
			knownRegions = (
				en,
				Base,
			);
			mainGroup = 76740702278C1D72002C2D82;
			productRefGroup = 7674070C278C1D72002C2D82 /* Products */;
			projectDirPath = "";
			projectRoot = "";
			targets = (
				7674070A278C1D72002C2D82 /* CallenderView */,
				76740720278C1D74002C2D82 /* CallenderViewTests */,
				7674072A278C1D74002C2D82 /* CallenderViewUITests */,
			);
		};
/* End PBXProject section */

/* Begin PBXResourcesBuildPhase section */
		76740709278C1D72002C2D82 /* Resources */ = {
			isa = PBXResourcesBuildPhase;
			buildActionMask = 2147483647;
			files = (
				7674071B278C1D74002C2D82 /* LaunchScreen.storyboard in Resources */,
				76740718278C1D74002C2D82 /* Assets.xcassets in Resources */,
				76740716278C1D72002C2D82 /* Main.storyboard in Resources */,
			);
			runOnlyForDeploymentPostprocessing = 0;
		};
		7674071F278C1D74002C2D82 /* Resources */ = {
			isa = PBXResourcesBuildPhase;
			buildActionMask = 2147483647;
			files = (
			);
			runOnlyForDeploymentPostprocessing = 0;
		};
		76740729278C1D74002C2D82 /* Resources */ = {
			isa = PBXResourcesBuildPhase;
			buildActionMask = 2147483647;
			files = (
			);
			runOnlyForDeploymentPostprocessing = 0;
		};
/* End PBXResourcesBuildPhase section */

/* Begin PBXSourcesBuildPhase section */
		76740707278C1D72002C2D82 /* Sources */ = {
			isa = PBXSourcesBuildPhase;
			buildActionMask = 2147483647;
			files = (
				76740743278C1FD9002C2D82 /* UIViewExtension.swift in Sources */,
				76740741278C1E47002C2D82 /* DateView.swift in Sources */,
				76740713278C1D72002C2D82 /* ViewController.swift in Sources */,
				7674070F278C1D72002C2D82 /* AppDelegate.swift in Sources */,
				76740740278C1E47002C2D82 /* CalendarView.swift in Sources */,
				76740711278C1D72002C2D82 /* SceneDelegate.swift in Sources */,
			);
			runOnlyForDeploymentPostprocessing = 0;
		};
		7674071D278C1D74002C2D82 /* Sources */ = {
			isa = PBXSourcesBuildPhase;
			buildActionMask = 2147483647;
			files = (
				76740726278C1D74002C2D82 /* CallenderViewTests.swift in Sources */,
			);
			runOnlyForDeploymentPostprocessing = 0;
		};
		76740727278C1D74002C2D82 /* Sources */ = {
			isa = PBXSourcesBuildPhase;
			buildActionMask = 2147483647;
			files = (
				76740732278C1D75002C2D82 /* CallenderViewUITestsLaunchTests.swift in Sources */,
				76740730278C1D74002C2D82 /* CallenderViewUITests.swift in Sources */,
			);
			runOnlyForDeploymentPostprocessing = 0;
		};
/* End PBXSourcesBuildPhase section */

/* Begin PBXTargetDependency section */
		76740723278C1D74002C2D82 /* PBXTargetDependency */ = {
			isa = PBXTargetDependency;
			target = 7674070A278C1D72002C2D82 /* CallenderView */;
			targetProxy = 76740722278C1D74002C2D82 /* PBXContainerItemProxy */;
		};
		7674072D278C1D74002C2D82 /* PBXTargetDependency */ = {
			isa = PBXTargetDependency;
			target = 7674070A278C1D72002C2D82 /* CallenderView */;
			targetProxy = 7674072C278C1D74002C2D82 /* PBXContainerItemProxy */;
		};
/* End PBXTargetDependency section */

/* Begin PBXVariantGroup section */
		76740714278C1D72002C2D82 /* Main.storyboard */ = {
			isa = PBXVariantGroup;
			children = (
				76740715278C1D72002C2D82 /* Base */,
			);
			name = Main.storyboard;
			sourceTree = "<group>";
		};
		76740719278C1D74002C2D82 /* LaunchScreen.storyboard */ = {
			isa = PBXVariantGroup;
			children = (
				7674071A278C1D74002C2D82 /* Base */,
			);
			name = LaunchScreen.storyboard;
			sourceTree = "<group>";
		};
/* End PBXVariantGroup section */

/* Begin XCBuildConfiguration section */
		76740733278C1D75002C2D82 /* Debug */ = {
			isa = XCBuildConfiguration;
			buildSettings = {
				ALWAYS_SEARCH_USER_PATHS = NO;
				CLANG_ANALYZER_NONNULL = YES;
				CLANG_ANALYZER_NUMBER_OBJECT_CONVERSION = YES_AGGRESSIVE;
				CLANG_CXX_LANGUAGE_STANDARD = "gnu++17";
				CLANG_CXX_LIBRARY = "libc++";
				CLANG_ENABLE_MODULES = YES;
				CLANG_ENABLE_OBJC_ARC = YES;
				CLANG_ENABLE_OBJC_WEAK = YES;
				CLANG_WARN_BLOCK_CAPTURE_AUTORELEASING = YES;
				CLANG_WARN_BOOL_CONVERSION = YES;
				CLANG_WARN_COMMA = YES;
				CLANG_WARN_CONSTANT_CONVERSION = YES;
				CLANG_WARN_DEPRECATED_OBJC_IMPLEMENTATIONS = YES;
				CLANG_WARN_DIRECT_OBJC_ISA_USAGE = YES_ERROR;
				CLANG_WARN_DOCUMENTATION_COMMENTS = YES;
				CLANG_WARN_EMPTY_BODY = YES;
				CLANG_WARN_ENUM_CONVERSION = YES;
				CLANG_WARN_INFINITE_RECURSION = YES;
				CLANG_WARN_INT_CONVERSION = YES;
				CLANG_WARN_NON_LITERAL_NULL_CONVERSION = YES;
				CLANG_WARN_OBJC_IMPLICIT_RETAIN_SELF = YES;
				CLANG_WARN_OBJC_LITERAL_CONVERSION = YES;
				CLANG_WARN_OBJC_ROOT_CLASS = YES_ERROR;
				CLANG_WARN_QUOTED_INCLUDE_IN_FRAMEWORK_HEADER = YES;
				CLANG_WARN_RANGE_LOOP_ANALYSIS = YES;
				CLANG_WARN_STRICT_PROTOTYPES = YES;
				CLANG_WARN_SUSPICIOUS_MOVE = YES;
				CLANG_WARN_UNGUARDED_AVAILABILITY = YES_AGGRESSIVE;
				CLANG_WARN_UNREACHABLE_CODE = YES;
				CLANG_WARN__DUPLICATE_METHOD_MATCH = YES;
				COPY_PHASE_STRIP = NO;
				DEBUG_INFORMATION_FORMAT = dwarf;
				ENABLE_STRICT_OBJC_MSGSEND = YES;
				ENABLE_TESTABILITY = YES;
				GCC_C_LANGUAGE_STANDARD = gnu11;
				GCC_DYNAMIC_NO_PIC = NO;
				GCC_NO_COMMON_BLOCKS = YES;
				GCC_OPTIMIZATION_LEVEL = 0;
				GCC_PREPROCESSOR_DEFINITIONS = (
					"DEBUG=1",
					"$(inherited)",
				);
				GCC_WARN_64_TO_32_BIT_CONVERSION = YES;
				GCC_WARN_ABOUT_RETURN_TYPE = YES_ERROR;
				GCC_WARN_UNDECLARED_SELECTOR = YES;
				GCC_WARN_UNINITIALIZED_AUTOS = YES_AGGRESSIVE;
				GCC_WARN_UNUSED_FUNCTION = YES;
				GCC_WARN_UNUSED_VARIABLE = YES;
				IPHONEOS_DEPLOYMENT_TARGET = 15.2;
				MTL_ENABLE_DEBUG_INFO = INCLUDE_SOURCE;
				MTL_FAST_MATH = YES;
				ONLY_ACTIVE_ARCH = YES;
				SDKROOT = iphoneos;
				SWIFT_ACTIVE_COMPILATION_CONDITIONS = DEBUG;
				SWIFT_OPTIMIZATION_LEVEL = "-Onone";
			};
			name = Debug;
		};
		76740734278C1D75002C2D82 /* Release */ = {
			isa = XCBuildConfiguration;
			buildSettings = {
				ALWAYS_SEARCH_USER_PATHS = NO;
				CLANG_ANALYZER_NONNULL = YES;
				CLANG_ANALYZER_NUMBER_OBJECT_CONVERSION = YES_AGGRESSIVE;
				CLANG_CXX_LANGUAGE_STANDARD = "gnu++17";
				CLANG_CXX_LIBRARY = "libc++";
				CLANG_ENABLE_MODULES = YES;
				CLANG_ENABLE_OBJC_ARC = YES;
				CLANG_ENABLE_OBJC_WEAK = YES;
				CLANG_WARN_BLOCK_CAPTURE_AUTORELEASING = YES;
				CLANG_WARN_BOOL_CONVERSION = YES;
				CLANG_WARN_COMMA = YES;
				CLANG_WARN_CONSTANT_CONVERSION = YES;
				CLANG_WARN_DEPRECATED_OBJC_IMPLEMENTATIONS = YES;
				CLANG_WARN_DIRECT_OBJC_ISA_USAGE = YES_ERROR;
				CLANG_WARN_DOCUMENTATION_COMMENTS = YES;
				CLANG_WARN_EMPTY_BODY = YES;
				CLANG_WARN_ENUM_CONVERSION = YES;
				CLANG_WARN_INFINITE_RECURSION = YES;
				CLANG_WARN_INT_CONVERSION = YES;
				CLANG_WARN_NON_LITERAL_NULL_CONVERSION = YES;
				CLANG_WARN_OBJC_IMPLICIT_RETAIN_SELF = YES;
				CLANG_WARN_OBJC_LITERAL_CONVERSION = YES;
				CLANG_WARN_OBJC_ROOT_CLASS = YES_ERROR;
				CLANG_WARN_QUOTED_INCLUDE_IN_FRAMEWORK_HEADER = YES;
				CLANG_WARN_RANGE_LOOP_ANALYSIS = YES;
				CLANG_WARN_STRICT_PROTOTYPES = YES;
				CLANG_WARN_SUSPICIOUS_MOVE = YES;
				CLANG_WARN_UNGUARDED_AVAILABILITY = YES_AGGRESSIVE;
				CLANG_WARN_UNREACHABLE_CODE = YES;
				CLANG_WARN__DUPLICATE_METHOD_MATCH = YES;
				COPY_PHASE_STRIP = NO;
				DEBUG_INFORMATION_FORMAT = "dwarf-with-dsym";
				ENABLE_NS_ASSERTIONS = NO;
				ENABLE_STRICT_OBJC_MSGSEND = YES;
				GCC_C_LANGUAGE_STANDARD = gnu11;
				GCC_NO_COMMON_BLOCKS = YES;
				GCC_WARN_64_TO_32_BIT_CONVERSION = YES;
				GCC_WARN_ABOUT_RETURN_TYPE = YES_ERROR;
				GCC_WARN_UNDECLARED_SELECTOR = YES;
				GCC_WARN_UNINITIALIZED_AUTOS = YES_AGGRESSIVE;
				GCC_WARN_UNUSED_FUNCTION = YES;
				GCC_WARN_UNUSED_VARIABLE = YES;
				IPHONEOS_DEPLOYMENT_TARGET = 15.2;
				MTL_ENABLE_DEBUG_INFO = NO;
				MTL_FAST_MATH = YES;
				SDKROOT = iphoneos;
				SWIFT_COMPILATION_MODE = wholemodule;
				SWIFT_OPTIMIZATION_LEVEL = "-O";
				VALIDATE_PRODUCT = YES;
			};
			name = Release;
		};
		76740736278C1D75002C2D82 /* Debug */ = {
			isa = XCBuildConfiguration;
			buildSettings = {
				ASSETCATALOG_COMPILER_APPICON_NAME = AppIcon;
				ASSETCATALOG_COMPILER_GLOBAL_ACCENT_COLOR_NAME = AccentColor;
				CODE_SIGN_STYLE = Automatic;
				CURRENT_PROJECT_VERSION = 1;
				DEVELOPMENT_TEAM = 4RTJ4EAMCP;
				GENERATE_INFOPLIST_FILE = YES;
				INFOPLIST_FILE = CallenderView/Info.plist;
				INFOPLIST_KEY_UIApplicationSupportsIndirectInputEvents = YES;
				INFOPLIST_KEY_UILaunchStoryboardName = LaunchScreen;
				INFOPLIST_KEY_UIMainStoryboardFile = Main;
				INFOPLIST_KEY_UISupportedInterfaceOrientations_iPad = "UIInterfaceOrientationPortrait UIInterfaceOrientationPortraitUpsideDown UIInterfaceOrientationLandscapeLeft UIInterfaceOrientationLandscapeRight";
				INFOPLIST_KEY_UISupportedInterfaceOrientations_iPhone = "UIInterfaceOrientationPortrait UIInterfaceOrientationLandscapeLeft UIInterfaceOrientationLandscapeRight";
				LD_RUNPATH_SEARCH_PATHS = (
					"$(inherited)",
					"@executable_path/Frameworks",
				);
				MARKETING_VERSION = 1.0;
				PRODUCT_BUNDLE_IDENTIFIER = com.hbddz.com.CallenderView;
				PRODUCT_NAME = "$(TARGET_NAME)";
				SWIFT_EMIT_LOC_STRINGS = YES;
				SWIFT_VERSION = 5.0;
				TARGETED_DEVICE_FAMILY = "1,2";
			};
			name = Debug;
		};
		76740737278C1D75002C2D82 /* Release */ = {
			isa = XCBuildConfiguration;
			buildSettings = {
				ASSETCATALOG_COMPILER_APPICON_NAME = AppIcon;
				ASSETCATALOG_COMPILER_GLOBAL_ACCENT_COLOR_NAME = AccentColor;
				CODE_SIGN_STYLE = Automatic;
				CURRENT_PROJECT_VERSION = 1;
				DEVELOPMENT_TEAM = 4RTJ4EAMCP;
				GENERATE_INFOPLIST_FILE = YES;
				INFOPLIST_FILE = CallenderView/Info.plist;
				INFOPLIST_KEY_UIApplicationSupportsIndirectInputEvents = YES;
				INFOPLIST_KEY_UILaunchStoryboardName = LaunchScreen;
				INFOPLIST_KEY_UIMainStoryboardFile = Main;
				INFOPLIST_KEY_UISupportedInterfaceOrientations_iPad = "UIInterfaceOrientationPortrait UIInterfaceOrientationPortraitUpsideDown UIInterfaceOrientationLandscapeLeft UIInterfaceOrientationLandscapeRight";
				INFOPLIST_KEY_UISupportedInterfaceOrientations_iPhone = "UIInterfaceOrientationPortrait UIInterfaceOrientationLandscapeLeft UIInterfaceOrientationLandscapeRight";
				LD_RUNPATH_SEARCH_PATHS = (
					"$(inherited)",
					"@executable_path/Frameworks",
				);
				MARKETING_VERSION = 1.0;
				PRODUCT_BUNDLE_IDENTIFIER = com.hbddz.com.CallenderView;
				PRODUCT_NAME = "$(TARGET_NAME)";
				SWIFT_EMIT_LOC_STRINGS = YES;
				SWIFT_VERSION = 5.0;
				TARGETED_DEVICE_FAMILY = "1,2";
			};
			name = Release;
		};
		76740739278C1D75002C2D82 /* Debug */ = {
			isa = XCBuildConfiguration;
			buildSettings = {
				ALWAYS_EMBED_SWIFT_STANDARD_LIBRARIES = YES;
				BUNDLE_LOADER = "$(TEST_HOST)";
				CODE_SIGN_STYLE = Automatic;
				CURRENT_PROJECT_VERSION = 1;
				DEVELOPMENT_TEAM = 4RTJ4EAMCP;
				GENERATE_INFOPLIST_FILE = YES;
				IPHONEOS_DEPLOYMENT_TARGET = 15.2;
				MARKETING_VERSION = 1.0;
				PRODUCT_BUNDLE_IDENTIFIER = com.hbddz.com.CallenderViewTests;
				PRODUCT_NAME = "$(TARGET_NAME)";
				SWIFT_EMIT_LOC_STRINGS = NO;
				SWIFT_VERSION = 5.0;
				TARGETED_DEVICE_FAMILY = "1,2";
				TEST_HOST = "$(BUILT_PRODUCTS_DIR)/CallenderView.app/CallenderView";
			};
			name = Debug;
		};
		7674073A278C1D75002C2D82 /* Release */ = {
			isa = XCBuildConfiguration;
			buildSettings = {
				ALWAYS_EMBED_SWIFT_STANDARD_LIBRARIES = YES;
				BUNDLE_LOADER = "$(TEST_HOST)";
				CODE_SIGN_STYLE = Automatic;
				CURRENT_PROJECT_VERSION = 1;
				DEVELOPMENT_TEAM = 4RTJ4EAMCP;
				GENERATE_INFOPLIST_FILE = YES;
				IPHONEOS_DEPLOYMENT_TARGET = 15.2;
				MARKETING_VERSION = 1.0;
				PRODUCT_BUNDLE_IDENTIFIER = com.hbddz.com.CallenderViewTests;
				PRODUCT_NAME = "$(TARGET_NAME)";
				SWIFT_EMIT_LOC_STRINGS = NO;
				SWIFT_VERSION = 5.0;
				TARGETED_DEVICE_FAMILY = "1,2";
				TEST_HOST = "$(BUILT_PRODUCTS_DIR)/CallenderView.app/CallenderView";
			};
			name = Release;
		};
		7674073C278C1D75002C2D82 /* Debug */ = {
			isa = XCBuildConfiguration;
			buildSettings = {
				ALWAYS_EMBED_SWIFT_STANDARD_LIBRARIES = YES;
				CODE_SIGN_STYLE = Automatic;
				CURRENT_PROJECT_VERSION = 1;
				DEVELOPMENT_TEAM = 4RTJ4EAMCP;
				GENERATE_INFOPLIST_FILE = YES;
				MARKETING_VERSION = 1.0;
				PRODUCT_BUNDLE_IDENTIFIER = com.hbddz.com.CallenderViewUITests;
				PRODUCT_NAME = "$(TARGET_NAME)";
				SWIFT_EMIT_LOC_STRINGS = NO;
				SWIFT_VERSION = 5.0;
				TARGETED_DEVICE_FAMILY = "1,2";
				TEST_TARGET_NAME = CallenderView;
			};
			name = Debug;
		};
		7674073D278C1D75002C2D82 /* Release */ = {
			isa = XCBuildConfiguration;
			buildSettings = {
				ALWAYS_EMBED_SWIFT_STANDARD_LIBRARIES = YES;
				CODE_SIGN_STYLE = Automatic;
				CURRENT_PROJECT_VERSION = 1;
				DEVELOPMENT_TEAM = 4RTJ4EAMCP;
				GENERATE_INFOPLIST_FILE = YES;
				MARKETING_VERSION = 1.0;
				PRODUCT_BUNDLE_IDENTIFIER = com.hbddz.com.CallenderViewUITests;
				PRODUCT_NAME = "$(TARGET_NAME)";
				SWIFT_EMIT_LOC_STRINGS = NO;
				SWIFT_VERSION = 5.0;
				TARGETED_DEVICE_FAMILY = "1,2";
				TEST_TARGET_NAME = CallenderView;
			};
			name = Release;
		};
/* End XCBuildConfiguration section */

/* Begin XCConfigurationList section */
		76740706278C1D72002C2D82 /* Build configuration list for PBXProject "CallenderView" */ = {
			isa = XCConfigurationList;
			buildConfigurations = (
				76740733278C1D75002C2D82 /* Debug */,
				76740734278C1D75002C2D82 /* Release */,
			);
			defaultConfigurationIsVisible = 0;
			defaultConfigurationName = Release;
		};
		76740735278C1D75002C2D82 /* Build configuration list for PBXNativeTarget "CallenderView" */ = {
			isa = XCConfigurationList;
			buildConfigurations = (
				76740736278C1D75002C2D82 /* Debug */,
				76740737278C1D75002C2D82 /* Release */,
			);
			defaultConfigurationIsVisible = 0;
			defaultConfigurationName = Release;
		};
		76740738278C1D75002C2D82 /* Build configuration list for PBXNativeTarget "CallenderViewTests" */ = {
			isa = XCConfigurationList;
			buildConfigurations = (
				76740739278C1D75002C2D82 /* Debug */,
				7674073A278C1D75002C2D82 /* Release */,
			);
			defaultConfigurationIsVisible = 0;
			defaultConfigurationName = Release;
		};
		7674073B278C1D75002C2D82 /* Build configuration list for PBXNativeTarget "CallenderViewUITests" */ = {
			isa = XCConfigurationList;
			buildConfigurations = (
				7674073C278C1D75002C2D82 /* Debug */,
				7674073D278C1D75002C2D82 /* Release */,
			);
			defaultConfigurationIsVisible = 0;
			defaultConfigurationName = Release;
		};
/* End XCConfigurationList section */
	};
	rootObject = 76740703278C1D72002C2D82 /* Project object */;
}
